
Microsoft Visual Studio Solution File, Format Version 12.00
# Visual Studio Version 16
VisualStudioVersion = 16.0.30011.22
MinimumVisualStudioVersion = 10.0.40219.1
Project("{9A19103F-16F7-4668-BE54-9A1E7A4F7556}") = "BGRent.Server", "BGRent.Server\BGRent.Server.csproj", "{1EAE23CD-601D-4881-921C-8B8A545C43B4}"
EndProject
Project("{FAE04EC0-301F-11D3-BF4B-00C04F79EFBC}") = "BGRent.Test", "BGRent.Test\BGRent.Test.csproj", "{723A0F70-3723-4530-8EF3-5C95509D7691}"
EndProject
Global
	GlobalSection(SolutionConfigurationPlatforms) = preSolution
		Debug|Any CPU = Debug|Any CPU
		Release|Any CPU = Release|Any CPU
	EndGlobalSection
	GlobalSection(ProjectConfigurationPlatforms) = postSolution
		{1EAE23CD-601D-4881-921C-8B8A545C43B4}.Debug|Any CPU.ActiveCfg = Debug|Any CPU
		{1EAE23CD-601D-4881-921C-8B8A545C43B4}.Debug|Any CPU.Build.0 = Debug|Any CPU
		{1EAE23CD-601D-4881-921C-8B8A545C43B4}.Release|Any CPU.ActiveCfg = Release|Any CPU
		{1EAE23CD-601D-4881-921C-8B8A545C43B4}.Release|Any CPU.Build.0 = Release|Any CPU
		{723A0F70-3723-4530-8EF3-5C95509D7691}.Debug|Any CPU.ActiveCfg = Debug|Any CPU
		{723A0F70-3723-4530-8EF3-5C95509D7691}.Debug|Any CPU.Build.0 = Debug|Any CPU
		{723A0F70-3723-4530-8EF3-5C95509D7691}.Release|Any CPU.ActiveCfg = Release|Any CPU
		{723A0F70-3723-4530-8EF3-5C95509D7691}.Release|Any CPU.Build.0 = Release|Any CPU
	EndGlobalSection
	GlobalSection(SolutionProperties) = preSolution
		HideSolutionNode = FALSE
	EndGlobalSection
	GlobalSection(ExtensibilityGlobals) = postSolution
		SolutionGuid = {E3D82083-F785-4066-A559-1E122DF6553F}
	EndGlobalSection
EndGlobal
